// !$*UTF8*$!
{
	archiveVersion = 1;
	classes = {
	};
	objectVersion = 50;
	objects = {

/* Begin PBXBuildFile section */
		7BA8FB9725FF8A060061A685 /* TaschenrechnerApp.swift in Sources */ = {isa = PBXBuildFile; fileRef = 7BA8FB9625FF8A060061A685 /* TaschenrechnerApp.swift */; };
		7BA8FB9925FF8A060061A685 /* ContentView.swift in Sources */ = {isa = PBXBuildFile; fileRef = 7BA8FB9825FF8A060061A685 /* ContentView.swift */; };
		7BA8FB9B25FF8A060061A685 /* Assets.xcassets in Resources */ = {isa = PBXBuildFile; fileRef = 7BA8FB9A25FF8A060061A685 /* Assets.xcassets */; };
		7BA8FB9E25FF8A060061A685 /* Preview Assets.xcassets in Resources */ = {isa = PBXBuildFile; fileRef = 7BA8FB9D25FF8A060061A685 /* Preview Assets.xcassets */; };
		7BA8FBA925FF8A070061A685 /* TaschenrechnerTests.swift in Sources */ = {isa = PBXBuildFile; fileRef = 7BA8FBA825FF8A070061A685 /* TaschenrechnerTests.swift */; };
		7BA8FBB425FF8A070061A685 /* TaschenrechnerUITests.swift in Sources */ = {isa = PBXBuildFile; fileRef = 7BA8FBB325FF8A070061A685 /* TaschenrechnerUITests.swift */; };
/* End PBXBuildFile section */

/* Begin PBXContainerItemProxy section */
		7BA8FBA525FF8A070061A685 /* PBXContainerItemProxy */ = {
			isa = PBXContainerItemProxy;
			containerPortal = 7BA8FB8B25FF8A060061A685 /* Project object */;
			proxyType = 1;
			remoteGlobalIDString = 7BA8FB9225FF8A060061A685;
			remoteInfo = Taschenrechner;
		};
		7BA8FBB025FF8A070061A685 /* PBXContainerItemProxy */ = {
			isa = PBXContainerItemProxy;
			containerPortal = 7BA8FB8B25FF8A060061A685 /* Project object */;
			proxyType = 1;
			remoteGlobalIDString = 7BA8FB9225FF8A060061A685;
			remoteInfo = Taschenrechner;
		};
/* End PBXContainerItemProxy section */

/* Begin PBXFileReference section */
		7BA8FB9325FF8A060061A685 /* Taschenrechner.app */ = {isa = PBXFileReference; explicitFileType = wrapper.application; includeInIndex = 0; path = Taschenrechner.app; sourceTree = BUILT_PRODUCTS_DIR; };
		7BA8FB9625FF8A060061A685 /* TaschenrechnerApp.swift */ = {isa = PBXFileReference; lastKnownFileType = sourcecode.swift; path = TaschenrechnerApp.swift; sourceTree = "<group>"; };
		7BA8FB9825FF8A060061A685 /* ContentView.swift */ = {isa = PBXFileReference; lastKnownFileType = sourcecode.swift; path = ContentView.swift; sourceTree = "<group>"; };
		7BA8FB9A25FF8A060061A685 /* Assets.xcassets */ = {isa = PBXFileReference; lastKnownFileType = folder.assetcatalog; path = Assets.xcassets; sourceTree = "<group>"; };
		7BA8FB9D25FF8A060061A685 /* Preview Assets.xcassets */ = {isa = PBXFileReference; lastKnownFileType = folder.assetcatalog; path = "Preview Assets.xcassets"; sourceTree = "<group>"; };
		7BA8FB9F25FF8A060061A685 /* Info.plist */ = {isa = PBXFileReference; lastKnownFileType = text.plist.xml; path = Info.plist; sourceTree = "<group>"; };
		7BA8FBA425FF8A070061A685 /* TaschenrechnerTests.xctest */ = {isa = PBXFileReference; explicitFileType = wrapper.cfbundle; includeInIndex = 0; path = TaschenrechnerTests.xctest; sourceTree = BUILT_PRODUCTS_DIR; };
		7BA8FBA825FF8A070061A685 /* TaschenrechnerTests.swift */ = {isa = PBXFileReference; lastKnownFileType = sourcecode.swift; path = TaschenrechnerTests.swift; sourceTree = "<group>"; };
		7BA8FBAA25FF8A070061A685 /* Info.plist */ = {isa = PBXFileReference; lastKnownFileType = text.plist.xml; path = Info.plist; sourceTree = "<group>"; };
		7BA8FBAF25FF8A070061A685 /* TaschenrechnerUITests.xctest */ = {isa = PBXFileReference; explicitFileType = wrapper.cfbundle; includeInIndex = 0; path = TaschenrechnerUITests.xctest; sourceTree = BUILT_PRODUCTS_DIR; };
		7BA8FBB325FF8A070061A685 /* TaschenrechnerUITests.swift */ = {isa = PBXFileReference; lastKnownFileType = sourcecode.swift; path = TaschenrechnerUITests.swift; sourceTree = "<group>"; };
		7BA8FBB525FF8A070061A685 /* Info.plist */ = {isa = PBXFileReference; lastKnownFileType = text.plist.xml; path = Info.plist; sourceTree = "<group>"; };
/* End PBXFileReference section */

/* Begin PBXFrameworksBuildPhase section */
		7BA8FB9025FF8A060061A685 /* Frameworks */ = {
			isa = PBXFrameworksBuildPhase;
			buildActionMask = 2147483647;
			files = (
			);
			runOnlyForDeploymentPostprocessing = 0;
		};
		7BA8FBA125FF8A070061A685 /* Frameworks */ = {
			isa = PBXFrameworksBuildPhase;
			buildActionMask = 2147483647;
			files = (
			);
			runOnlyForDeploymentPostprocessing = 0;
		};
		7BA8FBAC25FF8A070061A685 /* Frameworks */ = {
			isa = PBXFrameworksBuildPhase;
			buildActionMask = 2147483647;
			files = (
			);
			runOnlyForDeploymentPostprocessing = 0;
		};
/* End PBXFrameworksBuildPhase section */

/* Begin PBXGroup section */
		7BA8FB8A25FF8A060061A685 = {
			isa = PBXGroup;
			children = (
				7BA8FB9525FF8A060061A685 /* Taschenrechner */,
				7BA8FBA725FF8A070061A685 /* TaschenrechnerTests */,
				7BA8FBB225FF8A070061A685 /* TaschenrechnerUITests */,
				7BA8FB9425FF8A060061A685 /* Products */,
			);
			sourceTree = "<group>";
		};
		7BA8FB9425FF8A060061A685 /* Products */ = {
			isa = PBXGroup;
			children = (
				7BA8FB9325FF8A060061A685 /* Taschenrechner.app */,
				7BA8FBA425FF8A070061A685 /* TaschenrechnerTests.xctest */,
				7BA8FBAF25FF8A070061A685 /* TaschenrechnerUITests.xctest */,
			);
			name = Products;
			sourceTree = "<group>";
		};
		7BA8FB9525FF8A060061A685 /* Taschenrechner */ = {
			isa = PBXGroup;
			children = (
				7BA8FB9625FF8A060061A685 /* TaschenrechnerApp.swift */,
				7BA8FB9825FF8A060061A685 /* ContentView.swift */,
				7BA8FB9A25FF8A060061A685 /* Assets.xcassets */,
				7BA8FB9F25FF8A060061A685 /* Info.plist */,
				7BA8FB9C25FF8A060061A685 /* Preview Content */,
			);
			path = Taschenrechner;
			sourceTree = "<group>";
		};
		7BA8FB9C25FF8A060061A685 /* Preview Content */ = {
			isa = PBXGroup;
			children = (
				7BA8FB9D25FF8A060061A685 /* Preview Assets.xcassets */,
			);
			path = "Preview Content";
			sourceTree = "<group>";
		};
		7BA8FBA725FF8A070061A685 /* TaschenrechnerTests */ = {
			isa = PBXGroup;
			children = (
				7BA8FBA825FF8A070061A685 /* TaschenrechnerTests.swift */,
				7BA8FBAA25FF8A070061A685 /* Info.plist */,
			);
			path = TaschenrechnerTests;
			sourceTree = "<group>";
		};
		7BA8FBB225FF8A070061A685 /* TaschenrechnerUITests */ = {
			isa = PBXGroup;
			children = (
				7BA8FBB325FF8A070061A685 /* TaschenrechnerUITests.swift */,
				7BA8FBB525FF8A070061A685 /* Info.plist */,
			);
			path = TaschenrechnerUITests;
			sourceTree = "<group>";
		};
/* End PBXGroup section */

/* Begin PBXNativeTarget section */
		7BA8FB9225FF8A060061A685 /* Taschenrechner */ = {
			isa = PBXNativeTarget;
			buildConfigurationList = 7BA8FBB825FF8A070061A685 /* Build configuration list for PBXNativeTarget "Taschenrechner" */;
			buildPhases = (
				7BA8FB8F25FF8A060061A685 /* Sources */,
				7BA8FB9025FF8A060061A685 /* Frameworks */,
				7BA8FB9125FF8A060061A685 /* Resources */,
			);
			buildRules = (
			);
			dependencies = (
			);
			name = Taschenrechner;
			productName = Taschenrechner;
			productReference = 7BA8FB9325FF8A060061A685 /* Taschenrechner.app */;
			productType = "com.apple.product-type.application";
		};
		7BA8FBA325FF8A070061A685 /* TaschenrechnerTests */ = {
			isa = PBXNativeTarget;
			buildConfigurationList = 7BA8FBBB25FF8A070061A685 /* Build configuration list for PBXNativeTarget "TaschenrechnerTests" */;
			buildPhases = (
				7BA8FBA025FF8A070061A685 /* Sources */,
				7BA8FBA125FF8A070061A685 /* Frameworks */,
				7BA8FBA225FF8A070061A685 /* Resources */,
			);
			buildRules = (
			);
			dependencies = (
				7BA8FBA625FF8A070061A685 /* PBXTargetDependency */,
			);
			name = TaschenrechnerTests;
			productName = TaschenrechnerTests;
			productReference = 7BA8FBA425FF8A070061A685 /* TaschenrechnerTests.xctest */;
			productType = "com.apple.product-type.bundle.unit-test";
		};
		7BA8FBAE25FF8A070061A685 /* TaschenrechnerUITests */ = {
			isa = PBXNativeTarget;
			buildConfigurationList = 7BA8FBBE25FF8A070061A685 /* Build configuration list for PBXNativeTarget "TaschenrechnerUITests" */;
			buildPhases = (
				7BA8FBAB25FF8A070061A685 /* Sources */,
				7BA8FBAC25FF8A070061A685 /* Frameworks */,
				7BA8FBAD25FF8A070061A685 /* Resources */,
			);
			buildRules = (
			);
			dependencies = (
				7BA8FBB125FF8A070061A685 /* PBXTargetDependency */,
			);
			name = TaschenrechnerUITests;
			productName = TaschenrechnerUITests;
			productReference = 7BA8FBAF25FF8A070061A685 /* TaschenrechnerUITests.xctest */;
			productType = "com.apple.product-type.bundle.ui-testing";
		};
/* End PBXNativeTarget section */

/* Begin PBXProject section */
		7BA8FB8B25FF8A060061A685 /* Project object */ = {
			isa = PBXProject;
			attributes = {
				LastSwiftUpdateCheck = 1240;
				LastUpgradeCheck = 1240;
				TargetAttributes = {
					7BA8FB9225FF8A060061A685 = {
						CreatedOnToolsVersion = 12.4;
					};
					7BA8FBA325FF8A070061A685 = {
						CreatedOnToolsVersion = 12.4;
						TestTargetID = 7BA8FB9225FF8A060061A685;
					};
					7BA8FBAE25FF8A070061A685 = {
						CreatedOnToolsVersion = 12.4;
						TestTargetID = 7BA8FB9225FF8A060061A685;
					};
				};
			};
			buildConfigurationList = 7BA8FB8E25FF8A060061A685 /* Build configuration list for PBXProject "Taschenrechner" */;
			compatibilityVersion = "Xcode 9.3";
			developmentRegion = en;
			hasScannedForEncodings = 0;
			knownRegions = (
				en,
				Base,
			);
			mainGroup = 7BA8FB8A25FF8A060061A685;
			productRefGroup = 7BA8FB9425FF8A060061A685 /* Products */;
			projectDirPath = "";
			projectRoot = "";
			targets = (
				7BA8FB9225FF8A060061A685 /* Taschenrechner */,
				7BA8FBA325FF8A070061A685 /* TaschenrechnerTests */,
				7BA8FBAE25FF8A070061A685 /* TaschenrechnerUITests */,
			);
		};
/* End PBXProject section */

/* Begin PBXResourcesBuildPhase section */
		7BA8FB9125FF8A060061A685 /* Resources */ = {
			isa = PBXResourcesBuildPhase;
			buildActionMask = 2147483647;
			files = (
				7BA8FB9E25FF8A060061A685 /* Preview Assets.xcassets in Resources */,
				7BA8FB9B25FF8A060061A685 /* Assets.xcassets in Resources */,
			);
			runOnlyForDeploymentPostprocessing = 0;
		};
		7BA8FBA225FF8A070061A685 /* Resources */ = {
			isa = PBXResourcesBuildPhase;
			buildActionMask = 2147483647;
			files = (
			);
			runOnlyForDeploymentPostprocessing = 0;
		};
		7BA8FBAD25FF8A070061A685 /* Resources */ = {
			isa = PBXResourcesBuildPhase;
			buildActionMask = 2147483647;
			files = (
			);
			runOnlyForDeploymentPostprocessing = 0;
		};
/* End PBXResourcesBuildPhase section */

/* Begin PBXSourcesBuildPhase section */
		7BA8FB8F25FF8A060061A685 /* Sources */ = {
			isa = PBXSourcesBuildPhase;
			buildActionMask = 2147483647;
			files = (
				7BA8FB9925FF8A060061A685 /* ContentView.swift in Sources */,
				7BA8FB9725FF8A060061A685 /* TaschenrechnerApp.swift in Sources */,
			);
			runOnlyForDeploymentPostprocessing = 0;
		};
		7BA8FBA025FF8A070061A685 /* Sources */ = {
			isa = PBXSourcesBuildPhase;
			buildActionMask = 2147483647;
			files = (
				7BA8FBA925FF8A070061A685 /* TaschenrechnerTests.swift in Sources */,
			);
			runOnlyForDeploymentPostprocessing = 0;
		};
		7BA8FBAB25FF8A070061A685 /* Sources */ = {
			isa = PBXSourcesBuildPhase;
			buildActionMask = 2147483647;
			files = (
				7BA8FBB425FF8A070061A685 /* TaschenrechnerUITests.swift in Sources */,
			);
			runOnlyForDeploymentPostprocessing = 0;
		};
/* End PBXSourcesBuildPhase section */

/* Begin PBXTargetDependency section */
		7BA8FBA625FF8A070061A685 /* PBXTargetDependency */ = {
			isa = PBXTargetDependency;
			target = 7BA8FB9225FF8A060061A685 /* Taschenrechner */;
			targetProxy = 7BA8FBA525FF8A070061A685 /* PBXContainerItemProxy */;
		};
		7BA8FBB125FF8A070061A685 /* PBXTargetDependency */ = {
			isa = PBXTargetDependency;
			target = 7BA8FB9225FF8A060061A685 /* Taschenrechner */;
			targetProxy = 7BA8FBB025FF8A070061A685 /* PBXContainerItemProxy */;
		};
/* End PBXTargetDependency section */

/* Begin XCBuildConfiguration section */
		7BA8FBB625FF8A070061A685 /* Debug */ = {
			isa = XCBuildConfiguration;
			buildSettings = {
				ALWAYS_SEARCH_USER_PATHS = NO;
				CLANG_ANALYZER_NONNULL = YES;
				CLANG_ANALYZER_NUMBER_OBJECT_CONVERSION = YES_AGGRESSIVE;
				CLANG_CXX_LANGUAGE_STANDARD = "gnu++14";
				CLANG_CXX_LIBRARY = "libc++";
				CLANG_ENABLE_MODULES = YES;
				CLANG_ENABLE_OBJC_ARC = YES;
				CLANG_ENABLE_OBJC_WEAK = YES;
				CLANG_WARN_BLOCK_CAPTURE_AUTORELEASING = YES;
				CLANG_WARN_BOOL_CONVERSION = YES;
				CLANG_WARN_COMMA = YES;
				CLANG_WARN_CONSTANT_CONVERSION = YES;
				CLANG_WARN_DEPRECATED_OBJC_IMPLEMENTATIONS = YES;
				CLANG_WARN_DIRECT_OBJC_ISA_USAGE = YES_ERROR;
				CLANG_WARN_DOCUMENTATION_COMMENTS = YES;
				CLANG_WARN_EMPTY_BODY = YES;
				CLANG_WARN_ENUM_CONVERSION = YES;
				CLANG_WARN_INFINITE_RECURSION = YES;
				CLANG_WARN_INT_CONVERSION = YES;
				CLANG_WARN_NON_LITERAL_NULL_CONVERSION = YES;
				CLANG_WARN_OBJC_IMPLICIT_RETAIN_SELF = YES;
				CLANG_WARN_OBJC_LITERAL_CONVERSION = YES;
				CLANG_WARN_OBJC_ROOT_CLASS = YES_ERROR;
				CLANG_WARN_QUOTED_INCLUDE_IN_FRAMEWORK_HEADER = YES;
				CLANG_WARN_RANGE_LOOP_ANALYSIS = YES;
				CLANG_WARN_STRICT_PROTOTYPES = YES;
				CLANG_WARN_SUSPICIOUS_MOVE = YES;
				CLANG_WARN_UNGUARDED_AVAILABILITY = YES_AGGRESSIVE;
				CLANG_WARN_UNREACHABLE_CODE = YES;
				CLANG_WARN__DUPLICATE_METHOD_MATCH = YES;
				COPY_PHASE_STRIP = NO;
				DEBUG_INFORMATION_FORMAT = dwarf;
				ENABLE_STRICT_OBJC_MSGSEND = YES;
				ENABLE_TESTABILITY = YES;
				GCC_C_LANGUAGE_STANDARD = gnu11;
				GCC_DYNAMIC_NO_PIC = NO;
				GCC_NO_COMMON_BLOCKS = YES;
				GCC_OPTIMIZATION_LEVEL = 0;
				GCC_PREPROCESSOR_DEFINITIONS = (
					"DEBUG=1",
					"$(inherited)",
				);
				GCC_WARN_64_TO_32_BIT_CONVERSION = YES;
				GCC_WARN_ABOUT_RETURN_TYPE = YES_ERROR;
				GCC_WARN_UNDECLARED_SELECTOR = YES;
				GCC_WARN_UNINITIALIZED_AUTOS = YES_AGGRESSIVE;
				GCC_WARN_UNUSED_FUNCTION = YES;
				GCC_WARN_UNUSED_VARIABLE = YES;
				IPHONEOS_DEPLOYMENT_TARGET = 14.4;
				MTL_ENABLE_DEBUG_INFO = INCLUDE_SOURCE;
				MTL_FAST_MATH = YES;
				ONLY_ACTIVE_ARCH = YES;
				SDKROOT = iphoneos;
				SWIFT_ACTIVE_COMPILATION_CONDITIONS = DEBUG;
				SWIFT_OPTIMIZATION_LEVEL = "-Onone";
			};
			name = Debug;
		};
		7BA8FBB725FF8A070061A685 /* Release */ = {
			isa = XCBuildConfiguration;
			buildSettings = {
				ALWAYS_SEARCH_USER_PATHS = NO;
				CLANG_ANALYZER_NONNULL = YES;
				CLANG_ANALYZER_NUMBER_OBJECT_CONVERSION = YES_AGGRESSIVE;
				CLANG_CXX_LANGUAGE_STANDARD = "gnu++14";
				CLANG_CXX_LIBRARY = "libc++";
				CLANG_ENABLE_MODULES = YES;
				CLANG_ENABLE_OBJC_ARC = YES;
				CLANG_ENABLE_OBJC_WEAK = YES;
				CLANG_WARN_BLOCK_CAPTURE_AUTORELEASING = YES;
				CLANG_WARN_BOOL_CONVERSION = YES;
				CLANG_WARN_COMMA = YES;
				CLANG_WARN_CONSTANT_CONVERSION = YES;
				CLANG_WARN_DEPRECATED_OBJC_IMPLEMENTATIONS = YES;
				CLANG_WARN_DIRECT_OBJC_ISA_USAGE = YES_ERROR;
				CLANG_WARN_DOCUMENTATION_COMMENTS = YES;
				CLANG_WARN_EMPTY_BODY = YES;
				CLANG_WARN_ENUM_CONVERSION = YES;
				CLANG_WARN_INFINITE_RECURSION = YES;
				CLANG_WARN_INT_CONVERSION = YES;
				CLANG_WARN_NON_LITERAL_NULL_CONVERSION = YES;
				CLANG_WARN_OBJC_IMPLICIT_RETAIN_SELF = YES;
				CLANG_WARN_OBJC_LITERAL_CONVERSION = YES;
				CLANG_WARN_OBJC_ROOT_CLASS = YES_ERROR;
				CLANG_WARN_QUOTED_INCLUDE_IN_FRAMEWORK_HEADER = YES;
				CLANG_WARN_RANGE_LOOP_ANALYSIS = YES;
				CLANG_WARN_STRICT_PROTOTYPES = YES;
				CLANG_WARN_SUSPICIOUS_MOVE = YES;
				CLANG_WARN_UNGUARDED_AVAILABILITY = YES_AGGRESSIVE;
				CLANG_WARN_UNREACHABLE_CODE = YES;
				CLANG_WARN__DUPLICATE_METHOD_MATCH = YES;
				COPY_PHASE_STRIP = NO;
				DEBUG_INFORMATION_FORMAT = "dwarf-with-dsym";
				ENABLE_NS_ASSERTIONS = NO;
				ENABLE_STRICT_OBJC_MSGSEND = YES;
				GCC_C_LANGUAGE_STANDARD = gnu11;
				GCC_NO_COMMON_BLOCKS = YES;
				GCC_WARN_64_TO_32_BIT_CONVERSION = YES;
				GCC_WARN_ABOUT_RETURN_TYPE = YES_ERROR;
				GCC_WARN_UNDECLARED_SELECTOR = YES;
				GCC_WARN_UNINITIALIZED_AUTOS = YES_AGGRESSIVE;
				GCC_WARN_UNUSED_FUNCTION = YES;
				GCC_WARN_UNUSED_VARIABLE = YES;
				IPHONEOS_DEPLOYMENT_TARGET = 14.4;
				MTL_ENABLE_DEBUG_INFO = NO;
				MTL_FAST_MATH = YES;
				SDKROOT = iphoneos;
				SWIFT_COMPILATION_MODE = wholemodule;
				SWIFT_OPTIMIZATION_LEVEL = "-O";
				VALIDATE_PRODUCT = YES;
			};
			name = Release;
		};
		7BA8FBB925FF8A070061A685 /* Debug */ = {
			isa = XCBuildConfiguration;
			buildSettings = {
				ASSETCATALOG_COMPILER_APPICON_NAME = AppIcon;
				ASSETCATALOG_COMPILER_GLOBAL_ACCENT_COLOR_NAME = AccentColor;
				CODE_SIGN_STYLE = Automatic;
				DEVELOPMENT_ASSET_PATHS = "\"Taschenrechner/Preview Content\"";
				DEVELOPMENT_TEAM = 436DPJVS6H;
				ENABLE_PREVIEWS = YES;
				INFOPLIST_FILE = Taschenrechner/Info.plist;
				IPHONEOS_DEPLOYMENT_TARGET = 14.0;
				LD_RUNPATH_SEARCH_PATHS = (
					"$(inherited)",
					"@executable_path/Frameworks",
				);
				PRODUCT_BUNDLE_IDENTIFIER = StefanoCocco.Taschenrechner;
				PRODUCT_NAME = "$(TARGET_NAME)";
				SWIFT_VERSION = 5.0;
				TARGETED_DEVICE_FAMILY = "1,2";
			};
			name = Debug;
		};
		7BA8FBBA25FF8A070061A685 /* Release */ = {
			isa = XCBuildConfiguration;
			buildSettings = {
				ASSETCATALOG_COMPILER_APPICON_NAME = AppIcon;
				ASSETCATALOG_COMPILER_GLOBAL_ACCENT_COLOR_NAME = AccentColor;
				CODE_SIGN_STYLE = Automatic;
				DEVELOPMENT_ASSET_PATHS = "\"Taschenrechner/Preview Content\"";
				DEVELOPMENT_TEAM = 436DPJVS6H;
				ENABLE_PREVIEWS = YES;
				INFOPLIST_FILE = Taschenrechner/Info.plist;
				IPHONEOS_DEPLOYMENT_TARGET = 14.0;
				LD_RUNPATH_SEARCH_PATHS = (
					"$(inherited)",
					"@executable_path/Frameworks",
				);
				PRODUCT_BUNDLE_IDENTIFIER = StefanoCocco.Taschenrechner;
				PRODUCT_NAME = "$(TARGET_NAME)";
				SWIFT_VERSION = 5.0;
				TARGETED_DEVICE_FAMILY = "1,2";
			};
			name = Release;
		};
		7BA8FBBC25FF8A070061A685 /* Debug */ = {
			isa = XCBuildConfiguration;
			buildSettings = {
				ALWAYS_EMBED_SWIFT_STANDARD_LIBRARIES = YES;
				BUNDLE_LOADER = "$(TEST_HOST)";
				CODE_SIGN_STYLE = Automatic;
				DEVELOPMENT_TEAM = 436DPJVS6H;
				INFOPLIST_FILE = TaschenrechnerTests/Info.plist;
				IPHONEOS_DEPLOYMENT_TARGET = 14.0;
				LD_RUNPATH_SEARCH_PATHS = (
					"$(inherited)",
					"@executable_path/Frameworks",
					"@loader_path/Frameworks",
				);
				PRODUCT_BUNDLE_IDENTIFIER = StefanoCocco.TaschenrechnerTests;
				PRODUCT_NAME = "$(TARGET_NAME)";
				SWIFT_VERSION = 5.0;
				TARGETED_DEVICE_FAMILY = "1,2";
				TEST_HOST = "$(BUILT_PRODUCTS_DIR)/Taschenrechner.app/Taschenrechner";
			};
			name = Debug;
		};
		7BA8FBBD25FF8A070061A685 /* Release */ = {
			isa = XCBuildConfiguration;
			buildSettings = {
				ALWAYS_EMBED_SWIFT_STANDARD_LIBRARIES = YES;
				BUNDLE_LOADER = "$(TEST_HOST)";
				CODE_SIGN_STYLE = Automatic;
				DEVELOPMENT_TEAM = 436DPJVS6H;
				INFOPLIST_FILE = TaschenrechnerTests/Info.plist;
				IPHONEOS_DEPLOYMENT_TARGET = 14.0;
				LD_RUNPATH_SEARCH_PATHS = (
					"$(inherited)",
					"@executable_path/Frameworks",
					"@loader_path/Frameworks",
				);
				PRODUCT_BUNDLE_IDENTIFIER = StefanoCocco.TaschenrechnerTests;
				PRODUCT_NAME = "$(TARGET_NAME)";
				SWIFT_VERSION = 5.0;
				TARGETED_DEVICE_FAMILY = "1,2";
				TEST_HOST = "$(BUILT_PRODUCTS_DIR)/Taschenrechner.app/Taschenrechner";
			};
			name = Release;
		};
		7BA8FBBF25FF8A070061A685 /* Debug */ = {
			isa = XCBuildConfiguration;
			buildSettings = {
				ALWAYS_EMBED_SWIFT_STANDARD_LIBRARIES = YES;
				CODE_SIGN_STYLE = Automatic;
				DEVELOPMENT_TEAM = 436DPJVS6H;
				INFOPLIST_FILE = TaschenrechnerUITests/Info.plist;
				LD_RUNPATH_SEARCH_PATHS = (
					"$(inherited)",
					"@executable_path/Frameworks",
					"@loader_path/Frameworks",
				);
				PRODUCT_BUNDLE_IDENTIFIER = StefanoCocco.TaschenrechnerUITests;
				PRODUCT_NAME = "$(TARGET_NAME)";
				SWIFT_VERSION = 5.0;
				TARGETED_DEVICE_FAMILY = "1,2";
				TEST_TARGET_NAME = Taschenrechner;
			};
			name = Debug;
		};
		7BA8FBC025FF8A070061A685 /* Release */ = {
			isa = XCBuildConfiguration;
			buildSettings = {
				ALWAYS_EMBED_SWIFT_STANDARD_LIBRARIES = YES;
				CODE_SIGN_STYLE = Automatic;
				DEVELOPMENT_TEAM = 436DPJVS6H;
				INFOPLIST_FILE = TaschenrechnerUITests/Info.plist;
				LD_RUNPATH_SEARCH_PATHS = (
					"$(inherited)",
					"@executable_path/Frameworks",
					"@loader_path/Frameworks",
				);
				PRODUCT_BUNDLE_IDENTIFIER = StefanoCocco.TaschenrechnerUITests;
				PRODUCT_NAME = "$(TARGET_NAME)";
				SWIFT_VERSION = 5.0;
				TARGETED_DEVICE_FAMILY = "1,2";
				TEST_TARGET_NAME = Taschenrechner;
			};
			name = Release;
		};
/* End XCBuildConfiguration section */

/* Begin XCConfigurationList section */
		7BA8FB8E25FF8A060061A685 /* Build configuration list for PBXProject "Taschenrechner" */ = {
			isa = XCConfigurationList;
			buildConfigurations = (
				7BA8FBB625FF8A070061A685 /* Debug */,
				7BA8FBB725FF8A070061A685 /* Release */,
			);
			defaultConfigurationIsVisible = 0;
			defaultConfigurationName = Release;
		};
		7BA8FBB825FF8A070061A685 /* Build configuration list for PBXNativeTarget "Taschenrechner" */ = {
			isa = XCConfigurationList;
			buildConfigurations = (
				7BA8FBB925FF8A070061A685 /* Debug */,
				7BA8FBBA25FF8A070061A685 /* Release */,
			);
			defaultConfigurationIsVisible = 0;
			defaultConfigurationName = Release;
		};
		7BA8FBBB25FF8A070061A685 /* Build configuration list for PBXNativeTarget "TaschenrechnerTests" */ = {
			isa = XCConfigurationList;
			buildConfigurations = (
				7BA8FBBC25FF8A070061A685 /* Debug */,
				7BA8FBBD25FF8A070061A685 /* Release */,
			);
			defaultConfigurationIsVisible = 0;
			defaultConfigurationName = Release;
		};
		7BA8FBBE25FF8A070061A685 /* Build configuration list for PBXNativeTarget "TaschenrechnerUITests" */ = {
			isa = XCConfigurationList;
			buildConfigurations = (
				7BA8FBBF25FF8A070061A685 /* Debug */,
				7BA8FBC025FF8A070061A685 /* Release */,
			);
			defaultConfigurationIsVisible = 0;
			defaultConfigurationName = Release;
		};
/* End XCConfigurationList section */
	};
	rootObject = 7BA8FB8B25FF8A060061A685 /* Project object */;
}
